
Microsoft Visual Studio Solution File, Format Version 12.00
# Visual Studio Version 17
VisualStudioVersion = 17.2.32630.192
MinimumVisualStudioVersion = 10.0.40219.1
Project("{2150E333-8FDC-42A3-9474-1A3956D46DE8}") = "Api", "Api", "{018FA502-0A43-4A29-8427-189517C1799C}"
EndProject
Project("{2150E333-8FDC-42A3-9474-1A3956D46DE8}") = "Adapters", "Adapters", "{5EA52751-7C27-434F-9A03-AD58F6F419C6}"
EndProject
Project("{2150E333-8FDC-42A3-9474-1A3956D46DE8}") = "Tests", "Tests", "{66BD73A9-106B-425B-BAC4-F6B65E64CDBA}"
EndProject
Project("{FAE04EC0-301F-11D3-BF4B-00C04F79EFBC}") = "YourProjectName.Api", "Api\YourProjectName.Api\YourProjectName.Api.csproj", "{3F448522-BE11-4B89-85B6-0B8C913CCD9D}"
EndProject
Project("{2150E333-8FDC-42A3-9474-1A3956D46DE8}") = "Infra", "Infra", "{B90CDF56-922E-43A5-B432-C954EB7123EA}"
EndProject
Project("{2150E333-8FDC-42A3-9474-1A3956D46DE8}") = "Core", "Core", "{1EB6D8A0-B0CD-467A-9B30-C6A93A3F32CE}"
EndProject
Project("{FAE04EC0-301F-11D3-BF4B-00C04F79EFBC}") = "YourProjectName.Application", "Core\YourProjectName.Application\YourProjectName.Application.csproj", "{FCD40B6B-3550-43DD-B84B-C135DC79BDE1}"
EndProject
Project("{FAE04EC0-301F-11D3-BF4B-00C04F79EFBC}") = "YourProjectName.Business", "Core\YourProjectName.Business\YourProjectName.Business.csproj", "{C40DFEE0-B21C-4164-880F-0CE09694AC2D}"
EndProject
Project("{FAE04EC0-301F-11D3-BF4B-00C04F79EFBC}") = "YourProjectName.Domain", "Core\YourProjectName.Domain\YourProjectName.Domain.csproj", "{2D885BE3-39B3-4A80-B2E1-96E363A8671A}"
EndProject
Project("{FAE04EC0-301F-11D3-BF4B-00C04F79EFBC}") = "YourProjectName.Shared", "Core\YourProjectName.Shared\YourProjectName.Shared.csproj", "{65360BB0-D295-4044-AE7C-2B0E8DE3CF4B}"
EndProject
Project("{FAE04EC0-301F-11D3-BF4B-00C04F79EFBC}") = "YourProjectName.Integration", "Adapters\YourProjectName.Integration\YourProjectName.Integration.csproj", "{7CAFF5D9-9350-417A-8E4A-AB6CF36F52AF}"
EndProject
Project("{FAE04EC0-301F-11D3-BF4B-00C04F79EFBC}") = "YourProjectName.Repository", "Adapters\YourProjectName.Repository\YourProjectName.Repository.csproj", "{03BF6456-E466-4046-9DBF-99F83C83AD5B}"
EndProject
Project("{FAE04EC0-301F-11D3-BF4B-00C04F79EFBC}") = "YourProjectName.Infra", "Infra\YourProjectName.Infra\YourProjectName.Infra.csproj", "{6DDF1660-F946-4673-AEB7-9203095605FF}"
EndProject
Project("{2150E333-8FDC-42A3-9474-1A3956D46DE8}") = "Api", "Api", "{79B434C1-3BF9-4D4B-8A7F-511BC3780935}"
EndProject
Project("{2150E333-8FDC-42A3-9474-1A3956D46DE8}") = "Adapters", "Adapters", "{FBE3142A-121A-451F-95ED-202DF8EA56EA}"
EndProject
Project("{2150E333-8FDC-42A3-9474-1A3956D46DE8}") = "Core", "Core", "{1C44B4EF-C8F7-4F7A-B28F-9B08C12BD4D6}"
EndProject
Project("{2150E333-8FDC-42A3-9474-1A3956D46DE8}") = "Infra", "Infra", "{AF4F7D88-F871-4451-AF45-FC1CE44D0367}"
EndProject
Project("{FAE04EC0-301F-11D3-BF4B-00C04F79EFBC}") = "YourProjectName.Integration.Test", "Tests\Adapters\YourProjectName.Integration.Test\YourProjectName.Integration.Test.csproj", "{D6CFA62B-65BD-477E-A745-6CE777B2E0D3}"
EndProject
Project("{FAE04EC0-301F-11D3-BF4B-00C04F79EFBC}") = "YourProjectName.Repository.Test", "Tests\Adapters\YourProjectName.Repository.Test\YourProjectName.Repository.Test.csproj", "{038316D8-1B08-44B0-9F7D-6AA88F21CF93}"
EndProject
Project("{FAE04EC0-301F-11D3-BF4B-00C04F79EFBC}") = "YourProjectName.Api.Test", "Tests\Api\YourProjectName.Api.Test\YourProjectName.Api.Test.csproj", "{90FF6F65-B8DE-4606-A0FE-DCA6279648BD}"
EndProject
Project("{FAE04EC0-301F-11D3-BF4B-00C04F79EFBC}") = "YourProjectName.Application.Test", "Tests\Core\YourProjectName.Application.Test\YourProjectName.Application.Test.csproj", "{298B78FA-5E19-4DE1-A031-87EF456D63C5}"
EndProject
Project("{FAE04EC0-301F-11D3-BF4B-00C04F79EFBC}") = "YourProjectName.Domain.Test", "Tests\Core\YourProjectName.Domain.Test\YourProjectName.Domain.Test.csproj", "{8318A567-93CB-489B-8382-25A24247562A}"
EndProject
Project("{FAE04EC0-301F-11D3-BF4B-00C04F79EFBC}") = "YourProjectName.Business.Test", "Tests\Core\YourProjectName.Business.Test\YourProjectName.Business.Test.csproj", "{8F5A89A1-6A7C-4E90-B0FF-B24F1AF3F766}"
EndProject
Project("{FAE04EC0-301F-11D3-BF4B-00C04F79EFBC}") = "YourProjectName.Shared.Test", "Tests\Core\YourProjectName.Shared.Test\YourProjectName.Shared.Test.csproj", "{1FE526D9-2672-431D-8B83-9DCF4C2EE030}"
EndProject
Project("{FAE04EC0-301F-11D3-BF4B-00C04F79EFBC}") = "YourProjectName.Infra.Test", "Tests\Infra\YourProjectName.Infra.Test\YourProjectName.Infra.Test.csproj", "{B38428D1-A51A-4263-9F32-A73E273DA6F8}"
EndProject
Global
	GlobalSection(SolutionConfigurationPlatforms) = preSolution
		Debug|Any CPU = Debug|Any CPU
		Release|Any CPU = Release|Any CPU
	EndGlobalSection
	GlobalSection(ProjectConfigurationPlatforms) = postSolution
		{3F448522-BE11-4B89-85B6-0B8C913CCD9D}.Debug|Any CPU.ActiveCfg = Debug|Any CPU
		{3F448522-BE11-4B89-85B6-0B8C913CCD9D}.Debug|Any CPU.Build.0 = Debug|Any CPU
		{3F448522-BE11-4B89-85B6-0B8C913CCD9D}.Release|Any CPU.ActiveCfg = Release|Any CPU
		{3F448522-BE11-4B89-85B6-0B8C913CCD9D}.Release|Any CPU.Build.0 = Release|Any CPU
		{FCD40B6B-3550-43DD-B84B-C135DC79BDE1}.Debug|Any CPU.ActiveCfg = Debug|Any CPU
		{FCD40B6B-3550-43DD-B84B-C135DC79BDE1}.Debug|Any CPU.Build.0 = Debug|Any CPU
		{FCD40B6B-3550-43DD-B84B-C135DC79BDE1}.Release|Any CPU.ActiveCfg = Release|Any CPU
		{FCD40B6B-3550-43DD-B84B-C135DC79BDE1}.Release|Any CPU.Build.0 = Release|Any CPU
		{C40DFEE0-B21C-4164-880F-0CE09694AC2D}.Debug|Any CPU.ActiveCfg = Debug|Any CPU
		{C40DFEE0-B21C-4164-880F-0CE09694AC2D}.Debug|Any CPU.Build.0 = Debug|Any CPU
		{C40DFEE0-B21C-4164-880F-0CE09694AC2D}.Release|Any CPU.ActiveCfg = Release|Any CPU
		{C40DFEE0-B21C-4164-880F-0CE09694AC2D}.Release|Any CPU.Build.0 = Release|Any CPU
		{2D885BE3-39B3-4A80-B2E1-96E363A8671A}.Debug|Any CPU.ActiveCfg = Debug|Any CPU
		{2D885BE3-39B3-4A80-B2E1-96E363A8671A}.Debug|Any CPU.Build.0 = Debug|Any CPU
		{2D885BE3-39B3-4A80-B2E1-96E363A8671A}.Release|Any CPU.ActiveCfg = Release|Any CPU
		{2D885BE3-39B3-4A80-B2E1-96E363A8671A}.Release|Any CPU.Build.0 = Release|Any CPU
		{65360BB0-D295-4044-AE7C-2B0E8DE3CF4B}.Debug|Any CPU.ActiveCfg = Debug|Any CPU
		{65360BB0-D295-4044-AE7C-2B0E8DE3CF4B}.Debug|Any CPU.Build.0 = Debug|Any CPU
		{65360BB0-D295-4044-AE7C-2B0E8DE3CF4B}.Release|Any CPU.ActiveCfg = Release|Any CPU
		{65360BB0-D295-4044-AE7C-2B0E8DE3CF4B}.Release|Any CPU.Build.0 = Release|Any CPU
		{7CAFF5D9-9350-417A-8E4A-AB6CF36F52AF}.Debug|Any CPU.ActiveCfg = Debug|Any CPU
		{7CAFF5D9-9350-417A-8E4A-AB6CF36F52AF}.Debug|Any CPU.Build.0 = Debug|Any CPU
		{7CAFF5D9-9350-417A-8E4A-AB6CF36F52AF}.Release|Any CPU.ActiveCfg = Release|Any CPU
		{7CAFF5D9-9350-417A-8E4A-AB6CF36F52AF}.Release|Any CPU.Build.0 = Release|Any CPU
		{03BF6456-E466-4046-9DBF-99F83C83AD5B}.Debug|Any CPU.ActiveCfg = Debug|Any CPU
		{03BF6456-E466-4046-9DBF-99F83C83AD5B}.Debug|Any CPU.Build.0 = Debug|Any CPU
		{03BF6456-E466-4046-9DBF-99F83C83AD5B}.Release|Any CPU.ActiveCfg = Release|Any CPU
		{03BF6456-E466-4046-9DBF-99F83C83AD5B}.Release|Any CPU.Build.0 = Release|Any CPU
		{6DDF1660-F946-4673-AEB7-9203095605FF}.Debug|Any CPU.ActiveCfg = Debug|Any CPU
		{6DDF1660-F946-4673-AEB7-9203095605FF}.Debug|Any CPU.Build.0 = Debug|Any CPU
		{6DDF1660-F946-4673-AEB7-9203095605FF}.Release|Any CPU.ActiveCfg = Release|Any CPU
		{6DDF1660-F946-4673-AEB7-9203095605FF}.Release|Any CPU.Build.0 = Release|Any CPU
		{D6CFA62B-65BD-477E-A745-6CE777B2E0D3}.Debug|Any CPU.ActiveCfg = Debug|Any CPU
		{D6CFA62B-65BD-477E-A745-6CE777B2E0D3}.Debug|Any CPU.Build.0 = Debug|Any CPU
		{D6CFA62B-65BD-477E-A745-6CE777B2E0D3}.Release|Any CPU.ActiveCfg = Release|Any CPU
		{D6CFA62B-65BD-477E-A745-6CE777B2E0D3}.Release|Any CPU.Build.0 = Release|Any CPU
		{038316D8-1B08-44B0-9F7D-6AA88F21CF93}.Debug|Any CPU.ActiveCfg = Debug|Any CPU
		{038316D8-1B08-44B0-9F7D-6AA88F21CF93}.Debug|Any CPU.Build.0 = Debug|Any CPU
		{038316D8-1B08-44B0-9F7D-6AA88F21CF93}.Release|Any CPU.ActiveCfg = Release|Any CPU
		{038316D8-1B08-44B0-9F7D-6AA88F21CF93}.Release|Any CPU.Build.0 = Release|Any CPU
		{90FF6F65-B8DE-4606-A0FE-DCA6279648BD}.Debug|Any CPU.ActiveCfg = Debug|Any CPU
		{90FF6F65-B8DE-4606-A0FE-DCA6279648BD}.Debug|Any CPU.Build.0 = Debug|Any CPU
		{90FF6F65-B8DE-4606-A0FE-DCA6279648BD}.Release|Any CPU.ActiveCfg = Release|Any CPU
		{90FF6F65-B8DE-4606-A0FE-DCA6279648BD}.Release|Any CPU.Build.0 = Release|Any CPU
		{298B78FA-5E19-4DE1-A031-87EF456D63C5}.Debug|Any CPU.ActiveCfg = Debug|Any CPU
		{298B78FA-5E19-4DE1-A031-87EF456D63C5}.Debug|Any CPU.Build.0 = Debug|Any CPU
		{298B78FA-5E19-4DE1-A031-87EF456D63C5}.Release|Any CPU.ActiveCfg = Release|Any CPU
		{298B78FA-5E19-4DE1-A031-87EF456D63C5}.Release|Any CPU.Build.0 = Release|Any CPU
		{8318A567-93CB-489B-8382-25A24247562A}.Debug|Any CPU.ActiveCfg = Debug|Any CPU
		{8318A567-93CB-489B-8382-25A24247562A}.Debug|Any CPU.Build.0 = Debug|Any CPU
		{8318A567-93CB-489B-8382-25A24247562A}.Release|Any CPU.ActiveCfg = Release|Any CPU
		{8318A567-93CB-489B-8382-25A24247562A}.Release|Any CPU.Build.0 = Release|Any CPU
		{8F5A89A1-6A7C-4E90-B0FF-B24F1AF3F766}.Debug|Any CPU.ActiveCfg = Debug|Any CPU
		{8F5A89A1-6A7C-4E90-B0FF-B24F1AF3F766}.Debug|Any CPU.Build.0 = Debug|Any CPU
		{8F5A89A1-6A7C-4E90-B0FF-B24F1AF3F766}.Release|Any CPU.ActiveCfg = Release|Any CPU
		{8F5A89A1-6A7C-4E90-B0FF-B24F1AF3F766}.Release|Any CPU.Build.0 = Release|Any CPU
		{1FE526D9-2672-431D-8B83-9DCF4C2EE030}.Debug|Any CPU.ActiveCfg = Debug|Any CPU
		{1FE526D9-2672-431D-8B83-9DCF4C2EE030}.Debug|Any CPU.Build.0 = Debug|Any CPU
		{1FE526D9-2672-431D-8B83-9DCF4C2EE030}.Release|Any CPU.ActiveCfg = Release|Any CPU
		{1FE526D9-2672-431D-8B83-9DCF4C2EE030}.Release|Any CPU.Build.0 = Release|Any CPU
		{B38428D1-A51A-4263-9F32-A73E273DA6F8}.Debug|Any CPU.ActiveCfg = Debug|Any CPU
		{B38428D1-A51A-4263-9F32-A73E273DA6F8}.Debug|Any CPU.Build.0 = Debug|Any CPU
		{B38428D1-A51A-4263-9F32-A73E273DA6F8}.Release|Any CPU.ActiveCfg = Release|Any CPU
		{B38428D1-A51A-4263-9F32-A73E273DA6F8}.Release|Any CPU.Build.0 = Release|Any CPU
	EndGlobalSection
	GlobalSection(SolutionProperties) = preSolution
		HideSolutionNode = FALSE
	EndGlobalSection
	GlobalSection(NestedProjects) = preSolution
		{3F448522-BE11-4B89-85B6-0B8C913CCD9D} = {018FA502-0A43-4A29-8427-189517C1799C}
		{FCD40B6B-3550-43DD-B84B-C135DC79BDE1} = {1EB6D8A0-B0CD-467A-9B30-C6A93A3F32CE}
		{C40DFEE0-B21C-4164-880F-0CE09694AC2D} = {1EB6D8A0-B0CD-467A-9B30-C6A93A3F32CE}
		{2D885BE3-39B3-4A80-B2E1-96E363A8671A} = {1EB6D8A0-B0CD-467A-9B30-C6A93A3F32CE}
		{65360BB0-D295-4044-AE7C-2B0E8DE3CF4B} = {1EB6D8A0-B0CD-467A-9B30-C6A93A3F32CE}
		{7CAFF5D9-9350-417A-8E4A-AB6CF36F52AF} = {5EA52751-7C27-434F-9A03-AD58F6F419C6}
		{03BF6456-E466-4046-9DBF-99F83C83AD5B} = {5EA52751-7C27-434F-9A03-AD58F6F419C6}
		{6DDF1660-F946-4673-AEB7-9203095605FF} = {B90CDF56-922E-43A5-B432-C954EB7123EA}
		{79B434C1-3BF9-4D4B-8A7F-511BC3780935} = {66BD73A9-106B-425B-BAC4-F6B65E64CDBA}
		{FBE3142A-121A-451F-95ED-202DF8EA56EA} = {66BD73A9-106B-425B-BAC4-F6B65E64CDBA}
		{1C44B4EF-C8F7-4F7A-B28F-9B08C12BD4D6} = {66BD73A9-106B-425B-BAC4-F6B65E64CDBA}
		{AF4F7D88-F871-4451-AF45-FC1CE44D0367} = {66BD73A9-106B-425B-BAC4-F6B65E64CDBA}
		{D6CFA62B-65BD-477E-A745-6CE777B2E0D3} = {FBE3142A-121A-451F-95ED-202DF8EA56EA}
		{038316D8-1B08-44B0-9F7D-6AA88F21CF93} = {FBE3142A-121A-451F-95ED-202DF8EA56EA}
		{90FF6F65-B8DE-4606-A0FE-DCA6279648BD} = {79B434C1-3BF9-4D4B-8A7F-511BC3780935}
		{298B78FA-5E19-4DE1-A031-87EF456D63C5} = {1C44B4EF-C8F7-4F7A-B28F-9B08C12BD4D6}
		{8318A567-93CB-489B-8382-25A24247562A} = {1C44B4EF-C8F7-4F7A-B28F-9B08C12BD4D6}
		{8F5A89A1-6A7C-4E90-B0FF-B24F1AF3F766} = {1C44B4EF-C8F7-4F7A-B28F-9B08C12BD4D6}
		{1FE526D9-2672-431D-8B83-9DCF4C2EE030} = {1C44B4EF-C8F7-4F7A-B28F-9B08C12BD4D6}
		{B38428D1-A51A-4263-9F32-A73E273DA6F8} = {AF4F7D88-F871-4451-AF45-FC1CE44D0367}
	EndGlobalSection
	GlobalSection(ExtensibilityGlobals) = postSolution
		SolutionGuid = {3B5DF046-13F1-4519-AABF-DD0C9141C209}
	EndGlobalSection
EndGlobal
